<?xml version="1.0" encoding="utf-8"?>
<Project ToolsVersion="18.0" xmlns="http://schemas.microsoft.com/developer/msbuild/2003">
  <ItemGroup>
    <CustomBuild Include="C:\Users\magui\.codex\worktrees\f1b2\voxel_enginevk\build_full_vs\CMakeFiles\e75d61142dc89316a727dd4a957f4b0b\fog.comp.spv.rule">
      <Filter>CMake Rules</Filter>
    </CustomBuild>
    <CustomBuild Include="C:\Users\magui\.codex\worktrees\f1b2\voxel_enginevk\build_full_vs\CMakeFiles\e75d61142dc89316a727dd4a957f4b0b\present_full.frag.spv.rule">
      <Filter>CMake Rules</Filter>
    </CustomBuild>
    <CustomBuild Include="C:\Users\magui\.codex\worktrees\f1b2\voxel_enginevk\build_full_vs\CMakeFiles\e75d61142dc89316a727dd4a957f4b0b\present_full.vert.spv.rule">
      <Filter>CMake Rules</Filter>
    </CustomBuild>
    <CustomBuild Include="C:\Users\magui\.codex\worktrees\f1b2\voxel_enginevk\build_full_vs\CMakeFiles\e75d61142dc89316a727dd4a957f4b0b\tri_mesh.frag.spv.rule">
      <Filter>CMake Rules</Filter>
    </CustomBuild>
    <CustomBuild Include="C:\Users\magui\.codex\worktrees\f1b2\voxel_enginevk\build_full_vs\CMakeFiles\e75d61142dc89316a727dd4a957f4b0b\tri_mesh.vert.spv.rule">
      <Filter>CMake Rules</Filter>
    </CustomBuild>
    <CustomBuild Include="C:\Users\magui\.codex\worktrees\f1b2\voxel_enginevk\build_full_vs\CMakeFiles\e75d61142dc89316a727dd4a957f4b0b\water_mesh.frag.spv.rule">
      <Filter>CMake Rules</Filter>
    </CustomBuild>
    <CustomBuild Include="C:\Users\magui\.codex\worktrees\f1b2\voxel_enginevk\build_full_vs\CMakeFiles\e75d61142dc89316a727dd4a957f4b0b\water_mesh.vert.spv.rule">
      <Filter>CMake Rules</Filter>
    </CustomBuild>
    <CustomBuild Include="C:\Users\magui\.codex\worktrees\f1b2\voxel_enginevk\build_full_vs\CMakeFiles\e75d61142dc89316a727dd4a957f4b0b\wire_mesh.frag.spv.rule">
      <Filter>CMake Rules</Filter>
    </CustomBuild>
    <CustomBuild Include="C:\Users\magui\.codex\worktrees\f1b2\voxel_enginevk\build_full_vs\CMakeFiles\e75d61142dc89316a727dd4a957f4b0b\wire_mesh.vert.spv.rule">
      <Filter>CMake Rules</Filter>
    </CustomBuild>
    <CustomBuild Include="C:\Users\magui\.codex\worktrees\f1b2\voxel_enginevk\build_full_vs\CMakeFiles\f66f2887fe43f3c7219733456838a233\Shaders.rule">
      <Filter>CMake Rules</Filter>
    </CustomBuild>
    <CustomBuild Include="C:\Users\magui\.codex\worktrees\f1b2\voxel_enginevk\CMakeLists.txt" />
  </ItemGroup>
  <ItemGroup>
    <None Include="C:\Users\magui\.codex\worktrees\f1b2\voxel_enginevk\build_full_vs\CMakeFiles\Shaders" />
  </ItemGroup>
  <ItemGroup>
    <Filter Include="CMake Rules">
      <UniqueIdentifier>{3CCAE671-FCC9-3700-8631-30A469FC0608}</UniqueIdentifier>
    </Filter>
  </ItemGroup>
</Project>
